
Microsoft Visual Studio Solution File, Format Version 12.00
# Visual Studio Version 17
VisualStudioVersion = 17.4.33205.214
MinimumVisualStudioVersion = 10.0.40219.1
Project("{FAE04EC0-301F-11D3-BF4B-00C04F79EFBC}") = "WindowsFormsApp1", "WindowsFormsApp1\WindowsFormsApp1.csproj", "{D8C435F4-889E-4167-ACAB-2A1538D224E5}"
EndProject
Global
	GlobalSection(SolutionConfigurationPlatforms) = preSolution
		Debug|Any CPU = Debug|Any CPU
		Release|Any CPU = Release|Any CPU
	EndGlobalSection
	GlobalSection(ProjectConfigurationPlatforms) = postSolution
		{D8C435F4-889E-4167-ACAB-2A1538D224E5}.Debug|Any CPU.ActiveCfg = Debug|Any CPU
		{D8C435F4-889E-4167-ACAB-2A1538D224E5}.Debug|Any CPU.Build.0 = Debug|Any CPU
		{D8C435F4-889E-4167-ACAB-2A1538D224E5}.Release|Any CPU.ActiveCfg = Release|Any CPU
		{D8C435F4-889E-4167-ACAB-2A1538D224E5}.Release|Any CPU.Build.0 = Release|Any CPU
	EndGlobalSection
	GlobalSection(SolutionProperties) = preSolution
		HideSolutionNode = FALSE
	EndGlobalSection
	GlobalSection(ExtensibilityGlobals) = postSolution
		SolutionGuid = {1CD54A13-8F9E-478C-B5D5-61255D38FFCC}
	EndGlobalSection
EndGlobal
